
Microsoft Visual Studio Solution File, Format Version 12.00
# Visual Studio Version 16
VisualStudioVersion = 16.0.31025.194
MinimumVisualStudioVersion = 10.0.40219.1
Project("{9A19103F-16F7-4668-BE54-9A1E7A4F7556}") = "MovieShop.API", "MovieShop.API\MovieShop.API.csproj", "{7CB2444F-1E64-4D22-853F-273A71A6ACC8}"
EndProject
Project("{9A19103F-16F7-4668-BE54-9A1E7A4F7556}") = "ApplicationCore", "ApplicationCore\ApplicationCore.csproj", "{3B88B736-7D8E-4027-95FB-4710B91ED355}"
EndProject
Project("{9A19103F-16F7-4668-BE54-9A1E7A4F7556}") = "Infrastructure", "Infrastructure\Infrastructure.csproj", "{C69DAC8A-F19D-4F68-ACB2-A36258F681FE}"
EndProject
Project("{9A19103F-16F7-4668-BE54-9A1E7A4F7556}") = "MovieShop.MVC", "MovieShop.MVC\MovieShop.MVC.csproj", "{4FA7A950-FEE0-4659-887A-5CCCE39C2886}"
EndProject
Global
	GlobalSection(SolutionConfigurationPlatforms) = preSolution
		Debug|Any CPU = Debug|Any CPU
		Release|Any CPU = Release|Any CPU
	EndGlobalSection
	GlobalSection(ProjectConfigurationPlatforms) = postSolution
		{7CB2444F-1E64-4D22-853F-273A71A6ACC8}.Debug|Any CPU.ActiveCfg = Debug|Any CPU
		{7CB2444F-1E64-4D22-853F-273A71A6ACC8}.Debug|Any CPU.Build.0 = Debug|Any CPU
		{7CB2444F-1E64-4D22-853F-273A71A6ACC8}.Release|Any CPU.ActiveCfg = Release|Any CPU
		{7CB2444F-1E64-4D22-853F-273A71A6ACC8}.Release|Any CPU.Build.0 = Release|Any CPU
		{3B88B736-7D8E-4027-95FB-4710B91ED355}.Debug|Any CPU.ActiveCfg = Debug|Any CPU
		{3B88B736-7D8E-4027-95FB-4710B91ED355}.Debug|Any CPU.Build.0 = Debug|Any CPU
		{3B88B736-7D8E-4027-95FB-4710B91ED355}.Release|Any CPU.ActiveCfg = Release|Any CPU
		{3B88B736-7D8E-4027-95FB-4710B91ED355}.Release|Any CPU.Build.0 = Release|Any CPU
		{C69DAC8A-F19D-4F68-ACB2-A36258F681FE}.Debug|Any CPU.ActiveCfg = Debug|Any CPU
		{C69DAC8A-F19D-4F68-ACB2-A36258F681FE}.Debug|Any CPU.Build.0 = Debug|Any CPU
		{C69DAC8A-F19D-4F68-ACB2-A36258F681FE}.Release|Any CPU.ActiveCfg = Release|Any CPU
		{C69DAC8A-F19D-4F68-ACB2-A36258F681FE}.Release|Any CPU.Build.0 = Release|Any CPU
		{4FA7A950-FEE0-4659-887A-5CCCE39C2886}.Debug|Any CPU.ActiveCfg = Debug|Any CPU
		{4FA7A950-FEE0-4659-887A-5CCCE39C2886}.Debug|Any CPU.Build.0 = Debug|Any CPU
		{4FA7A950-FEE0-4659-887A-5CCCE39C2886}.Release|Any CPU.ActiveCfg = Release|Any CPU
		{4FA7A950-FEE0-4659-887A-5CCCE39C2886}.Release|Any CPU.Build.0 = Release|Any CPU
	EndGlobalSection
	GlobalSection(SolutionProperties) = preSolution
		HideSolutionNode = FALSE
	EndGlobalSection
	GlobalSection(ExtensibilityGlobals) = postSolution
		SolutionGuid = {378D30FF-9781-411B-989E-872A5B374DF4}
	EndGlobalSection
EndGlobal
